<?xml version="1.0" encoding="utf-8"?>
<Project ToolsVersion="4.0" xmlns="http://schemas.microsoft.com/developer/msbuild/2003">
  <ItemGroup>
    <Filter Include="源文件">
      <UniqueIdentifier>{4FC737F1-C7A5-4376-A066-2A32D752A2FF}</UniqueIdentifier>
      <Extensions>cpp;c;cc;cxx;def;odl;idl;hpj;bat;asm;asmx</Extensions>
    </Filter>
    <Filter Include="头文件">
      <UniqueIdentifier>{93995380-89BD-4b04-88EB-625FBE52EBFB}</UniqueIdentifier>
      <Extensions>h;hpp;hxx;hm;inl;inc;xsd</Extensions>
    </Filter>
    <Filter Include="资源文件">
      <UniqueIdentifier>{67DA6AB6-F800-4c08-8B7A-83BB121AAD01}</UniqueIdentifier>
      <Extensions>rc;ico;cur;bmp;dlg;rc2;rct;bin;rgs;gif;jpg;jpeg;jpe;resx;tiff;tif;png;wav;mfcribbon-ms</Extensions>
    </Filter>
  </ItemGroup>
  <ItemGroup>
    <Text Include="ReadMe.txt" />
  </ItemGroup>
  <ItemGroup>
    <ClInclude Include="PostFile.h">
      <Filter>头文件</Filter>
    </ClInclude>
    <ClInclude Include="PostFileDlg.h">
      <Filter>头文件</Filter>
    </ClInclude>
    <ClInclude Include="stdafx.h">
      <Filter>头文件</Filter>
    </ClInclude>
    <ClInclude Include="targetver.h">
      <Filter>头文件</Filter>
    </ClInclude>
    <ClInclude Include="Resource.h">
      <Filter>头文件</Filter>
    </ClInclude>
    <ClInclude Include="DlgTask.h">
      <Filter>头文件</Filter>
    </ClInclude>
    <ClInclude Include="MyToolTipCtrl.h">
      <Filter>头文件</Filter>
    </ClInclude>
    <ClInclude Include="MyTask.h">
      <Filter>头文件</Filter>
    </ClInclude>
    <ClInclude Include="DlgDeal.h">
      <Filter>头文件</Filter>
    </ClInclude>
  </ItemGroup>
  <ItemGroup>
    <ClCompile Include="PostFile.cpp">
      <Filter>源文件</Filter>
    </ClCompile>
    <ClCompile Include="PostFileDlg.cpp">
      <Filter>源文件</Filter>
    </ClCompile>
    <ClCompile Include="stdafx.cpp">
      <Filter>源文件</Filter>
    </ClCompile>
    <ClCompile Include="DlgTask.cpp">
      <Filter>源文件</Filter>
    </ClCompile>
    <ClCompile Include="MyToolTipCtrl.cpp">
      <Filter>源文件</Filter>
    </ClCompile>
    <ClCompile Include="MyTask.cpp">
      <Filter>源文件</Filter>
    </ClCompile>
    <ClCompile Include="DlgDeal.cpp">
      <Filter>源文件</Filter>
    </ClCompile>
  </ItemGroup>
  <ItemGroup>
    <ResourceCompile Include="PostFile.rc">
      <Filter>资源文件</Filter>
    </ResourceCompile>
  </ItemGroup>
  <ItemGroup>
    <None Include="res\PostFile.rc2">
      <Filter>资源文件</Filter>
    </None>
  </ItemGroup>
  <ItemGroup>
    <Image Include="res\PostFile.ico">
      <Filter>资源文件</Filter>
    </Image>
    <Image Include="res\TreeImages.bmp">
      <Filter>资源文件</Filter>
    </Image>
    <Image Include="res\icon1.ico">
      <Filter>资源文件</Filter>
    </Image>
    <Image Include="res\Begin.ico">
      <Filter>资源文件</Filter>
    </Image>
    <Image Include="res\Stop.ico">
      <Filter>资源文件</Filter>
    </Image>
    <Image Include="res\Suspend.ico">
      <Filter>资源文件</Filter>
    </Image>
    <Image Include="res\ListImages.bmp">
      <Filter>资源文件</Filter>
    </Image>
    <Image Include="res\Loop.ico">
      <Filter>资源文件</Filter>
    </Image>
    <Image Include="res\Delete.ico">
      <Filter>资源文件</Filter>
    </Image>
    <Image Include="res\DataTrans.bmp">
      <Filter>资源文件</Filter>
    </Image>
    <Image Include="res\Deal.ico">
      <Filter>资源文件</Filter>
    </Image>
  </ItemGroup>
</Project>